
Microsoft Visual Studio Solution File, Format Version 12.00
# Visual Studio 15
Project("{FAE04EC0-301F-11D3-BF4B-00C04F79EFBC}") = "XamShell.iOS", "XamShell.iOS\XamShell.iOS.csproj", "{74370413-937A-40C2-A526-877BC2EDD93E}"
EndProject
Project("{FAE04EC0-301F-11D3-BF4B-00C04F79EFBC}") = "XamShell", "XamShell\XamShell.csproj", "{0EBE0DD7-59F1-459F-BF7A-257D39691A6E}"
EndProject
Global
	GlobalSection(SolutionConfigurationPlatforms) = preSolution
		Debug|iPhoneSimulator = Debug|iPhoneSimulator
		Release|iPhoneSimulator = Release|iPhoneSimulator
		Debug|iPhone = Debug|iPhone
		Release|iPhone = Release|iPhone
		Debug|Any CPU = Debug|Any CPU
		Release|Any CPU = Release|Any CPU
	EndGlobalSection
	GlobalSection(ProjectConfigurationPlatforms) = postSolution
		{74370413-937A-40C2-A526-877BC2EDD93E}.Debug|iPhoneSimulator.ActiveCfg = Debug|iPhoneSimulator
		{74370413-937A-40C2-A526-877BC2EDD93E}.Debug|iPhoneSimulator.Build.0 = Debug|iPhoneSimulator
		{74370413-937A-40C2-A526-877BC2EDD93E}.Release|iPhoneSimulator.ActiveCfg = Release|iPhoneSimulator
		{74370413-937A-40C2-A526-877BC2EDD93E}.Release|iPhoneSimulator.Build.0 = Release|iPhoneSimulator
		{74370413-937A-40C2-A526-877BC2EDD93E}.Debug|iPhone.ActiveCfg = Debug|iPhone
		{74370413-937A-40C2-A526-877BC2EDD93E}.Debug|iPhone.Build.0 = Debug|iPhone
		{74370413-937A-40C2-A526-877BC2EDD93E}.Release|iPhone.ActiveCfg = Release|iPhone
		{74370413-937A-40C2-A526-877BC2EDD93E}.Release|iPhone.Build.0 = Release|iPhone
		{74370413-937A-40C2-A526-877BC2EDD93E}.Debug|Any CPU.ActiveCfg = Debug|iPhoneSimulator
		{74370413-937A-40C2-A526-877BC2EDD93E}.Debug|Any CPU.Build.0 = Debug|iPhoneSimulator
		{74370413-937A-40C2-A526-877BC2EDD93E}.Release|Any CPU.ActiveCfg = Release|iPhoneSimulator
		{74370413-937A-40C2-A526-877BC2EDD93E}.Release|Any CPU.Build.0 = Release|iPhoneSimulator
		{0EBE0DD7-59F1-459F-BF7A-257D39691A6E}.Debug|iPhoneSimulator.ActiveCfg = Debug|Any CPU
		{0EBE0DD7-59F1-459F-BF7A-257D39691A6E}.Debug|iPhoneSimulator.Build.0 = Debug|Any CPU
		{0EBE0DD7-59F1-459F-BF7A-257D39691A6E}.Release|iPhoneSimulator.ActiveCfg = Release|Any CPU
		{0EBE0DD7-59F1-459F-BF7A-257D39691A6E}.Release|iPhoneSimulator.Build.0 = Release|Any CPU
		{0EBE0DD7-59F1-459F-BF7A-257D39691A6E}.Debug|iPhone.ActiveCfg = Debug|Any CPU
		{0EBE0DD7-59F1-459F-BF7A-257D39691A6E}.Debug|iPhone.Build.0 = Debug|Any CPU
		{0EBE0DD7-59F1-459F-BF7A-257D39691A6E}.Release|iPhone.ActiveCfg = Release|Any CPU
		{0EBE0DD7-59F1-459F-BF7A-257D39691A6E}.Release|iPhone.Build.0 = Release|Any CPU
		{0EBE0DD7-59F1-459F-BF7A-257D39691A6E}.Debug|Any CPU.ActiveCfg = Debug|Any CPU
		{0EBE0DD7-59F1-459F-BF7A-257D39691A6E}.Debug|Any CPU.Build.0 = Debug|Any CPU
		{0EBE0DD7-59F1-459F-BF7A-257D39691A6E}.Release|Any CPU.ActiveCfg = Release|Any CPU
		{0EBE0DD7-59F1-459F-BF7A-257D39691A6E}.Release|Any CPU.Build.0 = Release|Any CPU
	EndGlobalSection
EndGlobal
